// !$*UTF8*$!
{
	archiveVersion = 1;
	classes = {
	};
	objectVersion = 50;
	objects = {

/* Begin PBXBuildFile section */
		3F6256D8293DD846008357CB /* AppDelegate.m in Sources */ = {isa = PBXBuildFile; fileRef = 3F6256D7293DD846008357CB /* AppDelegate.m */; };
		3F6256DB293DD846008357CB /* ViewController.m in Sources */ = {isa = PBXBuildFile; fileRef = 3F6256DA293DD846008357CB /* ViewController.m */; };
		3F6256E1293DD846008357CB /* SMMMM1.xcdatamodeld in Sources */ = {isa = PBXBuildFile; fileRef = 3F6256DF293DD846008357CB /* SMMMM1.xcdatamodeld */; };
		3F6256E3293DD849008357CB /* Assets.xcassets in Resources */ = {isa = PBXBuildFile; fileRef = 3F6256E2293DD849008357CB /* Assets.xcassets */; };
		3F6256E6293DD849008357CB /* LaunchScreen.storyboard in Resources */ = {isa = PBXBuildFile; fileRef = 3F6256E4293DD849008357CB /* LaunchScreen.storyboard */; };
		3F6256E9293DD849008357CB /* main.m in Sources */ = {isa = PBXBuildFile; fileRef = 3F6256E8293DD849008357CB /* main.m */; };
		3F6256F6293DDFD1008357CB /* Main.storyboard in Resources */ = {isa = PBXBuildFile; fileRef = 3F6256F5293DDFD1008357CB /* Main.storyboard */; };
		3FC5D64B293DE0290005D676 /* SecondViewController.m in Sources */ = {isa = PBXBuildFile; fileRef = 3FC5D64A293DE0290005D676 /* SecondViewController.m */; };
/* End PBXBuildFile section */

/* Begin PBXFileReference section */
		3F6256D3293DD846008357CB /* SMMMM1.app */ = {isa = PBXFileReference; explicitFileType = wrapper.application; includeInIndex = 0; path = SMMMM1.app; sourceTree = BUILT_PRODUCTS_DIR; };
		3F6256D6293DD846008357CB /* AppDelegate.h */ = {isa = PBXFileReference; lastKnownFileType = sourcecode.c.h; path = AppDelegate.h; sourceTree = "<group>"; };
		3F6256D7293DD846008357CB /* AppDelegate.m */ = {isa = PBXFileReference; lastKnownFileType = sourcecode.c.objc; path = AppDelegate.m; sourceTree = "<group>"; };
		3F6256D9293DD846008357CB /* ViewController.h */ = {isa = PBXFileReference; lastKnownFileType = sourcecode.c.h; path = ViewController.h; sourceTree = "<group>"; };
		3F6256DA293DD846008357CB /* ViewController.m */ = {isa = PBXFileReference; lastKnownFileType = sourcecode.c.objc; path = ViewController.m; sourceTree = "<group>"; };
		3F6256E0293DD846008357CB /* SMMMM1.xcdatamodel */ = {isa = PBXFileReference; lastKnownFileType = wrapper.xcdatamodel; path = SMMMM1.xcdatamodel; sourceTree = "<group>"; };
		3F6256E2293DD849008357CB /* Assets.xcassets */ = {isa = PBXFileReference; lastKnownFileType = folder.assetcatalog; path = Assets.xcassets; sourceTree = "<group>"; };
		3F6256E5293DD849008357CB /* Base */ = {isa = PBXFileReference; lastKnownFileType = file.storyboard; name = Base; path = Base.lproj/LaunchScreen.storyboard; sourceTree = "<group>"; };
		3F6256E7293DD849008357CB /* Info.plist */ = {isa = PBXFileReference; lastKnownFileType = text.plist.xml; path = Info.plist; sourceTree = "<group>"; };
		3F6256E8293DD849008357CB /* main.m */ = {isa = PBXFileReference; lastKnownFileType = sourcecode.c.objc; path = main.m; sourceTree = "<group>"; };
		3F6256F5293DDFD1008357CB /* Main.storyboard */ = {isa = PBXFileReference; fileEncoding = 4; lastKnownFileType = file.storyboard; name = Main.storyboard; path = ../../../../.Trash/Main.storyboard; sourceTree = "<group>"; };
		3FC5D649293DE0290005D676 /* SecondViewController.h */ = {isa = PBXFileReference; lastKnownFileType = sourcecode.c.h; path = SecondViewController.h; sourceTree = "<group>"; };
		3FC5D64A293DE0290005D676 /* SecondViewController.m */ = {isa = PBXFileReference; lastKnownFileType = sourcecode.c.objc; path = SecondViewController.m; sourceTree = "<group>"; };
/* End PBXFileReference section */

/* Begin PBXFrameworksBuildPhase section */
		3F6256D0293DD846008357CB /* Frameworks */ = {
			isa = PBXFrameworksBuildPhase;
			buildActionMask = 2147483647;
			files = (
			);
			runOnlyForDeploymentPostprocessing = 0;
		};
/* End PBXFrameworksBuildPhase section */

/* Begin PBXGroup section */
		3F6256CA293DD845008357CB = {
			isa = PBXGroup;
			children = (
				3F6256D5293DD846008357CB /* SMMMM1 */,
				3F6256D4293DD846008357CB /* Products */,
			);
			sourceTree = "<group>";
		};
		3F6256D4293DD846008357CB /* Products */ = {
			isa = PBXGroup;
			children = (
				3F6256D3293DD846008357CB /* SMMMM1.app */,
			);
			name = Products;
			sourceTree = "<group>";
		};
		3F6256D5293DD846008357CB /* SMMMM1 */ = {
			isa = PBXGroup;
			children = (
				3F6256D6293DD846008357CB /* AppDelegate.h */,
				3F6256D7293DD846008357CB /* AppDelegate.m */,
				3F6256D9293DD846008357CB /* ViewController.h */,
				3F6256DA293DD846008357CB /* ViewController.m */,
				3F6256F5293DDFD1008357CB /* Main.storyboard */,
				3F6256E2293DD849008357CB /* Assets.xcassets */,
				3F6256E4293DD849008357CB /* LaunchScreen.storyboard */,
				3F6256E7293DD849008357CB /* Info.plist */,
				3F6256E8293DD849008357CB /* main.m */,
				3F6256DF293DD846008357CB /* SMMMM1.xcdatamodeld */,
				3FC5D649293DE0290005D676 /* SecondViewController.h */,
				3FC5D64A293DE0290005D676 /* SecondViewController.m */,
			);
			path = SMMMM1;
			sourceTree = "<group>";
		};
/* End PBXGroup section */

/* Begin PBXNativeTarget section */
		3F6256D2293DD846008357CB /* SMMMM1 */ = {
			isa = PBXNativeTarget;
			buildConfigurationList = 3F6256EC293DD84A008357CB /* Build configuration list for PBXNativeTarget "SMMMM1" */;
			buildPhases = (
				3F6256CF293DD846008357CB /* Sources */,
				3F6256D0293DD846008357CB /* Frameworks */,
				3F6256D1293DD846008357CB /* Resources */,
			);
			buildRules = (
			);
			dependencies = (
			);
			name = SMMMM1;
			productName = SMMMM1;
			productReference = 3F6256D3293DD846008357CB /* SMMMM1.app */;
			productType = "com.apple.product-type.application";
		};
/* End PBXNativeTarget section */

/* Begin PBXProject section */
		3F6256CB293DD845008357CB /* Project object */ = {
			isa = PBXProject;
			attributes = {
				LastUpgradeCheck = 1010;
				ORGANIZATIONNAME = pb.edu.ps9;
				TargetAttributes = {
					3F6256D2293DD846008357CB = {
						CreatedOnToolsVersion = 10.1;
					};
				};
			};
			buildConfigurationList = 3F6256CE293DD845008357CB /* Build configuration list for PBXProject "SMMMM1" */;
			compatibilityVersion = "Xcode 9.3";
			developmentRegion = en;
			hasScannedForEncodings = 0;
			knownRegions = (
				en,
				Base,
			);
			mainGroup = 3F6256CA293DD845008357CB;
			productRefGroup = 3F6256D4293DD846008357CB /* Products */;
			projectDirPath = "";
			projectRoot = "";
			targets = (
				3F6256D2293DD846008357CB /* SMMMM1 */,
			);
		};
/* End PBXProject section */

/* Begin PBXResourcesBuildPhase section */
		3F6256D1293DD846008357CB /* Resources */ = {
			isa = PBXResourcesBuildPhase;
			buildActionMask = 2147483647;
			files = (
				3F6256E6293DD849008357CB /* LaunchScreen.storyboard in Resources */,
				3F6256E3293DD849008357CB /* Assets.xcassets in Resources */,
				3F6256F6293DDFD1008357CB /* Main.storyboard in Resources */,
			);
			runOnlyForDeploymentPostprocessing = 0;
		};
/* End PBXResourcesBuildPhase section */

/* Begin PBXSourcesBuildPhase section */
		3F6256CF293DD846008357CB /* Sources */ = {
			isa = PBXSourcesBuildPhase;
			buildActionMask = 2147483647;
			files = (
				3FC5D64B293DE0290005D676 /* SecondViewController.m in Sources */,
				3F6256DB293DD846008357CB /* ViewController.m in Sources */,
				3F6256E1293DD846008357CB /* SMMMM1.xcdatamodeld in Sources */,
				3F6256E9293DD849008357CB /* main.m in Sources */,
				3F6256D8293DD846008357CB /* AppDelegate.m in Sources */,
			);
			runOnlyForDeploymentPostprocessing = 0;
		};
/* End PBXSourcesBuildPhase section */

/* Begin PBXVariantGroup section */
		3F6256E4293DD849008357CB /* LaunchScreen.storyboard */ = {
			isa = PBXVariantGroup;
			children = (
				3F6256E5293DD849008357CB /* Base */,
			);
			name = LaunchScreen.storyboard;
			sourceTree = "<group>";
		};
/* End PBXVariantGroup section */

/* Begin XCBuildConfiguration section */
		3F6256EA293DD849008357CB /* Debug */ = {
			isa = XCBuildConfiguration;
			buildSettings = {
				ALWAYS_SEARCH_USER_PATHS = NO;
				CLANG_ANALYZER_NONNULL = YES;
				CLANG_ANALYZER_NUMBER_OBJECT_CONVERSION = YES_AGGRESSIVE;
				CLANG_CXX_LANGUAGE_STANDARD = "gnu++14";
				CLANG_CXX_LIBRARY = "libc++";
				CLANG_ENABLE_MODULES = YES;
				CLANG_ENABLE_OBJC_ARC = YES;
				CLANG_ENABLE_OBJC_WEAK = YES;
				CLANG_WARN_BLOCK_CAPTURE_AUTORELEASING = YES;
				CLANG_WARN_BOOL_CONVERSION = YES;
				CLANG_WARN_COMMA = YES;
				CLANG_WARN_CONSTANT_CONVERSION = YES;
				CLANG_WARN_DEPRECATED_OBJC_IMPLEMENTATIONS = YES;
				CLANG_WARN_DIRECT_OBJC_ISA_USAGE = YES_ERROR;
				CLANG_WARN_DOCUMENTATION_COMMENTS = YES;
				CLANG_WARN_EMPTY_BODY = YES;
				CLANG_WARN_ENUM_CONVERSION = YES;
				CLANG_WARN_INFINITE_RECURSION = YES;
				CLANG_WARN_INT_CONVERSION = YES;
				CLANG_WARN_NON_LITERAL_NULL_CONVERSION = YES;
				CLANG_WARN_OBJC_IMPLICIT_RETAIN_SELF = YES;
				CLANG_WARN_OBJC_LITERAL_CONVERSION = YES;
				CLANG_WARN_OBJC_ROOT_CLASS = YES_ERROR;
				CLANG_WARN_RANGE_LOOP_ANALYSIS = YES;
				CLANG_WARN_STRICT_PROTOTYPES = YES;
				CLANG_WARN_SUSPICIOUS_MOVE = YES;
				CLANG_WARN_UNGUARDED_AVAILABILITY = YES_AGGRESSIVE;
				CLANG_WARN_UNREACHABLE_CODE = YES;
				CLANG_WARN__DUPLICATE_METHOD_MATCH = YES;
				CODE_SIGN_IDENTITY = "iPhone Developer";
				COPY_PHASE_STRIP = NO;
				DEBUG_INFORMATION_FORMAT = dwarf;
				ENABLE_STRICT_OBJC_MSGSEND = YES;
				ENABLE_TESTABILITY = YES;
				GCC_C_LANGUAGE_STANDARD = gnu11;
				GCC_DYNAMIC_NO_PIC = NO;
				GCC_NO_COMMON_BLOCKS = YES;
				GCC_OPTIMIZATION_LEVEL = 0;
				GCC_PREPROCESSOR_DEFINITIONS = (
					"DEBUG=1",
					"$(inherited)",
				);
				GCC_WARN_64_TO_32_BIT_CONVERSION = YES;
				GCC_WARN_ABOUT_RETURN_TYPE = YES_ERROR;
				GCC_WARN_UNDECLARED_SELECTOR = YES;
				GCC_WARN_UNINITIALIZED_AUTOS = YES_AGGRESSIVE;
				GCC_WARN_UNUSED_FUNCTION = YES;
				GCC_WARN_UNUSED_VARIABLE = YES;
				IPHONEOS_DEPLOYMENT_TARGET = 12.1;
				MTL_ENABLE_DEBUG_INFO = INCLUDE_SOURCE;
				MTL_FAST_MATH = YES;
				ONLY_ACTIVE_ARCH = YES;
				SDKROOT = iphoneos;
			};
			name = Debug;
		};
		3F6256EB293DD84A008357CB /* Release */ = {
			isa = XCBuildConfiguration;
			buildSettings = {
				ALWAYS_SEARCH_USER_PATHS = NO;
				CLANG_ANALYZER_NONNULL = YES;
				CLANG_ANALYZER_NUMBER_OBJECT_CONVERSION = YES_AGGRESSIVE;
				CLANG_CXX_LANGUAGE_STANDARD = "gnu++14";
				CLANG_CXX_LIBRARY = "libc++";
				CLANG_ENABLE_MODULES = YES;
				CLANG_ENABLE_OBJC_ARC = YES;
				CLANG_ENABLE_OBJC_WEAK = YES;
				CLANG_WARN_BLOCK_CAPTURE_AUTORELEASING = YES;
				CLANG_WARN_BOOL_CONVERSION = YES;
				CLANG_WARN_COMMA = YES;
				CLANG_WARN_CONSTANT_CONVERSION = YES;
				CLANG_WARN_DEPRECATED_OBJC_IMPLEMENTATIONS = YES;
				CLANG_WARN_DIRECT_OBJC_ISA_USAGE = YES_ERROR;
				CLANG_WARN_DOCUMENTATION_COMMENTS = YES;
				CLANG_WARN_EMPTY_BODY = YES;
				CLANG_WARN_ENUM_CONVERSION = YES;
				CLANG_WARN_INFINITE_RECURSION = YES;
				CLANG_WARN_INT_CONVERSION = YES;
				CLANG_WARN_NON_LITERAL_NULL_CONVERSION = YES;
				CLANG_WARN_OBJC_IMPLICIT_RETAIN_SELF = YES;
				CLANG_WARN_OBJC_LITERAL_CONVERSION = YES;
				CLANG_WARN_OBJC_ROOT_CLASS = YES_ERROR;
				CLANG_WARN_RANGE_LOOP_ANALYSIS = YES;
				CLANG_WARN_STRICT_PROTOTYPES = YES;
				CLANG_WARN_SUSPICIOUS_MOVE = YES;
				CLANG_WARN_UNGUARDED_AVAILABILITY = YES_AGGRESSIVE;
				CLANG_WARN_UNREACHABLE_CODE = YES;
				CLANG_WARN__DUPLICATE_METHOD_MATCH = YES;
				CODE_SIGN_IDENTITY = "iPhone Developer";
				COPY_PHASE_STRIP = NO;
				DEBUG_INFORMATION_FORMAT = "dwarf-with-dsym";
				ENABLE_NS_ASSERTIONS = NO;
				ENABLE_STRICT_OBJC_MSGSEND = YES;
				GCC_C_LANGUAGE_STANDARD = gnu11;
				GCC_NO_COMMON_BLOCKS = YES;
				GCC_WARN_64_TO_32_BIT_CONVERSION = YES;
				GCC_WARN_ABOUT_RETURN_TYPE = YES_ERROR;
				GCC_WARN_UNDECLARED_SELECTOR = YES;
				GCC_WARN_UNINITIALIZED_AUTOS = YES_AGGRESSIVE;
				GCC_WARN_UNUSED_FUNCTION = YES;
				GCC_WARN_UNUSED_VARIABLE = YES;
				IPHONEOS_DEPLOYMENT_TARGET = 12.1;
				MTL_ENABLE_DEBUG_INFO = NO;
				MTL_FAST_MATH = YES;
				SDKROOT = iphoneos;
				VALIDATE_PRODUCT = YES;
			};
			name = Release;
		};
		3F6256ED293DD84A008357CB /* Debug */ = {
			isa = XCBuildConfiguration;
			buildSettings = {
				ASSETCATALOG_COMPILER_APPICON_NAME = AppIcon;
				CODE_SIGN_STYLE = Automatic;
				INFOPLIST_FILE = SMMMM1/Info.plist;
				LD_RUNPATH_SEARCH_PATHS = (
					"$(inherited)",
					"@executable_path/Frameworks",
				);
				PRODUCT_BUNDLE_IDENTIFIER = pb.edu.ps9.SMMMM1;
				PRODUCT_NAME = "$(TARGET_NAME)";
				TARGETED_DEVICE_FAMILY = "1,2";
			};
			name = Debug;
		};
		3F6256EE293DD84A008357CB /* Release */ = {
			isa = XCBuildConfiguration;
			buildSettings = {
				ASSETCATALOG_COMPILER_APPICON_NAME = AppIcon;
				CODE_SIGN_STYLE = Automatic;
				INFOPLIST_FILE = SMMMM1/Info.plist;
				LD_RUNPATH_SEARCH_PATHS = (
					"$(inherited)",
					"@executable_path/Frameworks",
				);
				PRODUCT_BUNDLE_IDENTIFIER = pb.edu.ps9.SMMMM1;
				PRODUCT_NAME = "$(TARGET_NAME)";
				TARGETED_DEVICE_FAMILY = "1,2";
			};
			name = Release;
		};
/* End XCBuildConfiguration section */

/* Begin XCConfigurationList section */
		3F6256CE293DD845008357CB /* Build configuration list for PBXProject "SMMMM1" */ = {
			isa = XCConfigurationList;
			buildConfigurations = (
				3F6256EA293DD849008357CB /* Debug */,
				3F6256EB293DD84A008357CB /* Release */,
			);
			defaultConfigurationIsVisible = 0;
			defaultConfigurationName = Release;
		};
		3F6256EC293DD84A008357CB /* Build configuration list for PBXNativeTarget "SMMMM1" */ = {
			isa = XCConfigurationList;
			buildConfigurations = (
				3F6256ED293DD84A008357CB /* Debug */,
				3F6256EE293DD84A008357CB /* Release */,
			);
			defaultConfigurationIsVisible = 0;
			defaultConfigurationName = Release;
		};
/* End XCConfigurationList section */

/* Begin XCVersionGroup section */
		3F6256DF293DD846008357CB /* SMMMM1.xcdatamodeld */ = {
			isa = XCVersionGroup;
			children = (
				3F6256E0293DD846008357CB /* SMMMM1.xcdatamodel */,
			);
			currentVersion = 3F6256E0293DD846008357CB /* SMMMM1.xcdatamodel */;
			path = SMMMM1.xcdatamodeld;
			sourceTree = "<group>";
			versionGroupType = wrapper.xcdatamodel;
		};
/* End XCVersionGroup section */
	};
	rootObject = 3F6256CB293DD845008357CB /* Project object */;
}
